
Microsoft Visual Studio Solution File, Format Version 12.00
# Visual Studio Version 17
VisualStudioVersion = 17.8.34316.72
MinimumVisualStudioVersion = 10.0.40219.1
Project("{9A19103F-16F7-4668-BE54-9A1E7A4F7556}") = "SharedNotes", "SharedNotes\SharedNotes.csproj", "{26627AEA-1294-4DEA-B343-11AF76FF998E}"
EndProject
Project("{9A19103F-16F7-4668-BE54-9A1E7A4F7556}") = "SharedNotes.Client", "SharedNotes.Client\SharedNotes.Client.csproj", "{AF14107E-A3D2-4125-BFEB-70369EEAE7F9}"
EndProject
Project("{FAE04EC0-301F-11D3-BF4B-00C04F79EFBC}") = "SharedNotes.Shared", "SharedNotes.Shared\SharedNotes.Shared.csproj", "{EF040469-AFA5-4853-9C74-B673B788BC5C}"
EndProject
Global
	GlobalSection(SolutionConfigurationPlatforms) = preSolution
		Debug|Any CPU = Debug|Any CPU
		Release|Any CPU = Release|Any CPU
	EndGlobalSection
	GlobalSection(ProjectConfigurationPlatforms) = postSolution
		{26627AEA-1294-4DEA-B343-11AF76FF998E}.Debug|Any CPU.ActiveCfg = Debug|Any CPU
		{26627AEA-1294-4DEA-B343-11AF76FF998E}.Debug|Any CPU.Build.0 = Debug|Any CPU
		{26627AEA-1294-4DEA-B343-11AF76FF998E}.Release|Any CPU.ActiveCfg = Release|Any CPU
		{26627AEA-1294-4DEA-B343-11AF76FF998E}.Release|Any CPU.Build.0 = Release|Any CPU
		{AF14107E-A3D2-4125-BFEB-70369EEAE7F9}.Debug|Any CPU.ActiveCfg = Debug|Any CPU
		{AF14107E-A3D2-4125-BFEB-70369EEAE7F9}.Debug|Any CPU.Build.0 = Debug|Any CPU
		{AF14107E-A3D2-4125-BFEB-70369EEAE7F9}.Release|Any CPU.ActiveCfg = Release|Any CPU
		{AF14107E-A3D2-4125-BFEB-70369EEAE7F9}.Release|Any CPU.Build.0 = Release|Any CPU
		{EF040469-AFA5-4853-9C74-B673B788BC5C}.Debug|Any CPU.ActiveCfg = Debug|Any CPU
		{EF040469-AFA5-4853-9C74-B673B788BC5C}.Debug|Any CPU.Build.0 = Debug|Any CPU
		{EF040469-AFA5-4853-9C74-B673B788BC5C}.Release|Any CPU.ActiveCfg = Release|Any CPU
		{EF040469-AFA5-4853-9C74-B673B788BC5C}.Release|Any CPU.Build.0 = Release|Any CPU
	EndGlobalSection
	GlobalSection(SolutionProperties) = preSolution
		HideSolutionNode = FALSE
	EndGlobalSection
	GlobalSection(ExtensibilityGlobals) = postSolution
		SolutionGuid = {537958DD-C19A-4542-8BD7-96068DF2DE37}
	EndGlobalSection
EndGlobal
